<?xml version="1.0" encoding="utf-8"?>
<Project ToolsVersion="4.0" xmlns="http://schemas.microsoft.com/developer/msbuild/2003">
  <ItemGroup>
    <ClCompile Include="..\src\tools\amalgamate.c" />
    <ClCompile Include="..\src\runtime\mutexes.c">
      <Filter>src\runtime</Filter>
    </ClCompile>
    <ClCompile Include="..\src\runtime\num.c">
      <Filter>src\runtime</Filter>
    </ClCompile>
    <ClCompile Include="..\src\runtime\processes.c">
      <Filter>src\runtime</Filter>
    </ClCompile>
    <ClCompile Include="..\src\runtime\runtime.c">
      <Filter>src\runtime</Filter>
    </ClCompile>
    <ClCompile Include="..\src\runtime\static.c">
      <Filter>src\runtime</Filter>
    </ClCompile>
    <ClCompile Include="..\src\runtime\str.c">
      <Filter>src\runtime</Filter>
    </ClCompile>
    <ClCompile Include="..\src\runtime\streams.c">
      <Filter>src\runtime</Filter>
    </ClCompile>
    <ClCompile Include="..\src\runtime\threads.c">
      <Filter>src\runtime</Filter>
    </ClCompile>
    <ClCompile Include="..\src\runtime\vigil.c">
      <Filter>src\runtime</Filter>
    </ClCompile>
    <ClCompile Include="..\src\runtime\args.c">
      <Filter>src\runtime</Filter>
    </ClCompile>
    <ClCompile Include="..\src\runtime\atomics.c">
      <Filter>src\runtime</Filter>
    </ClCompile>
    <ClCompile Include="..\src\runtime\clock.c">
      <Filter>src\runtime</Filter>
    </ClCompile>
    <ClCompile Include="..\src\runtime\debug.c">
      <Filter>src\runtime</Filter>
    </ClCompile>
    <ClCompile Include="..\src\runtime\events.c">
      <Filter>src\runtime</Filter>
    </ClCompile>
    <ClCompile Include="..\src\runtime\files.c">
      <Filter>src\runtime</Filter>
    </ClCompile>
    <ClCompile Include="..\src\runtime\folders.c">
      <Filter>src\runtime</Filter>
    </ClCompile>
    <ClCompile Include="..\src\runtime\loader.c">
      <Filter>src\runtime</Filter>
    </ClCompile>
    <ClCompile Include="..\src\runtime\mem.c">
      <Filter>src\runtime</Filter>
    </ClCompile>
    <ClCompile Include="..\src\runtime\heap.c">
      <Filter>src\runtime</Filter>
    </ClCompile>
  </ItemGroup>
  <ItemGroup>
    <Text Include="..\amalgamate.txt" />
  </ItemGroup>
  <ItemGroup>
    <Filter Include="src">
      <UniqueIdentifier>{ba5e9330-91c6-4ee0-acdf-86c4e59dd61b}</UniqueIdentifier>
    </Filter>
    <Filter Include="src\runtime">
      <UniqueIdentifier>{75a5eead-6d3a-4a50-8a81-b8509cad839b}</UniqueIdentifier>
    </Filter>
  </ItemGroup>
</Project>