<?xml version="1.0" encoding="utf-8"?>
<Project ToolsVersion="4.0" xmlns="http://schemas.microsoft.com/developer/msbuild/2003">
  <ItemGroup>
    <Filter Include="res">
      <UniqueIdentifier>{22220000-0000-0000-0000-000000000001}</UniqueIdentifier>
    </Filter>
  </ItemGroup>
  <ItemGroup>
    <ClCompile Include="..\samples\groot.c" />
    <ClCompile Include="..\samples\stb_image.c" />
  </ItemGroup>
  <ItemGroup>
    <ClInclude Include="..\samples\i18n.h">
      <Filter>res</Filter>
    </ClInclude>
    <ClInclude Include="..\vendor\stb\stb_image.h" />
  </ItemGroup>
  <ItemGroup>
    <ResourceCompile Include="..\samples\groot.rc">
      <Filter>res</Filter>
    </ResourceCompile>
  </ItemGroup>
  <ItemGroup>
    <Image Include="..\samples\gotg.gif">
      <Filter>res</Filter>
    </Image>
    <Image Include="..\samples\groot.gif">
      <Filter>res</Filter>
    </Image>
    <Image Include="..\samples\sample.ico">
      <Filter>res</Filter>
    </Image>
    <Image Include="..\samples\sample.png">
      <Filter>res</Filter>
    </Image>
  </ItemGroup>
  <ItemGroup>
    <None Include="..\samples\mr_blue_sky.midi">
      <Filter>res</Filter>
    </None>
  </ItemGroup>
</Project>
