<?xml version="1.0" encoding="utf-8"?>
<Project ToolsVersion="4.0" xmlns="http://schemas.microsoft.com/developer/msbuild/2003">
  <ItemGroup>
    <ClInclude Include="..\samples\i18n.h">
      <Filter>res</Filter>
    </ClInclude>
    <ClInclude Include="..\samples\version.h">
      <Filter>res</Filter>
    </ClInclude>
    <ClInclude Include="..\crt.h">
      <Filter>quick</Filter>
    </ClInclude>
    <ClInclude Include="..\quick.h">
      <Filter>quick</Filter>
    </ClInclude>
  </ItemGroup>
  <ItemGroup>
    <Filter Include="res">
      <UniqueIdentifier>{c60b96ea-15fe-4796-86c9-3b9428dc82c7}</UniqueIdentifier>
    </Filter>
    <Filter Include="quick">
      <UniqueIdentifier>{96d5afe6-5423-4633-b74b-4e311522af58}</UniqueIdentifier>
    </Filter>
  </ItemGroup>
  <ItemGroup>
    <Image Include="..\samples\hello-world.ico">
      <Filter>res</Filter>
    </Image>
  </ItemGroup>
  <ItemGroup>
    <ResourceCompile Include="..\samples\sample.rc">
      <Filter>res</Filter>
    </ResourceCompile>
    <ResourceCompile Include="..\samples\version.rc">
      <Filter>res</Filter>
    </ResourceCompile>
  </ItemGroup>
  <ItemGroup>
    <ClCompile Include="..\samples\hello_world.c" />
    <ClCompile Include="..\samples\crt.c">
      <Filter>quick</Filter>
    </ClCompile>
    <ClCompile Include="..\samples\quick.c">
      <Filter>quick</Filter>
    </ClCompile>
  </ItemGroup>
</Project>