<?xml version="1.0" encoding="utf-8"?>
<Project ToolsVersion="4.0" xmlns="http://schemas.microsoft.com/developer/msbuild/2003">
  <ItemGroup>
    <ClCompile Include="..\test\runtime_tests.c" />
    <ClCompile Include="..\src\runtime\str.c">
      <Filter>runtime\src\runtime</Filter>
    </ClCompile>
    <ClCompile Include="..\src\runtime\streams.c">
      <Filter>runtime\src\runtime</Filter>
    </ClCompile>
    <ClCompile Include="..\src\runtime\threads.c">
      <Filter>runtime\src\runtime</Filter>
    </ClCompile>
    <ClCompile Include="..\src\runtime\vigil.c">
      <Filter>runtime\src\runtime</Filter>
    </ClCompile>
    <ClCompile Include="..\src\runtime\args.c">
      <Filter>runtime\src\runtime</Filter>
    </ClCompile>
    <ClCompile Include="..\src\runtime\atomics.c">
      <Filter>runtime\src\runtime</Filter>
    </ClCompile>
    <ClCompile Include="..\src\runtime\clock.c">
      <Filter>runtime\src\runtime</Filter>
    </ClCompile>
    <ClCompile Include="..\src\runtime\debug.c">
      <Filter>runtime\src\runtime</Filter>
    </ClCompile>
    <ClCompile Include="..\src\runtime\events.c">
      <Filter>runtime\src\runtime</Filter>
    </ClCompile>
    <ClCompile Include="..\src\runtime\files.c">
      <Filter>runtime\src\runtime</Filter>
    </ClCompile>
    <ClCompile Include="..\src\runtime\folders.c">
      <Filter>runtime\src\runtime</Filter>
    </ClCompile>
    <ClCompile Include="..\src\runtime\loader.c">
      <Filter>runtime\src\runtime</Filter>
    </ClCompile>
    <ClCompile Include="..\src\runtime\mem.c">
      <Filter>runtime\src\runtime</Filter>
    </ClCompile>
    <ClCompile Include="..\src\runtime\mutexes.c">
      <Filter>runtime\src\runtime</Filter>
    </ClCompile>
    <ClCompile Include="..\src\runtime\num.c">
      <Filter>runtime\src\runtime</Filter>
    </ClCompile>
    <ClCompile Include="..\src\runtime\processes.c">
      <Filter>runtime\src\runtime</Filter>
    </ClCompile>
    <ClCompile Include="..\src\runtime\runtime.c">
      <Filter>runtime\src\runtime</Filter>
    </ClCompile>
    <ClCompile Include="..\src\runtime\static.c">
      <Filter>runtime\src\runtime</Filter>
    </ClCompile>
  </ItemGroup>
  <ItemGroup>
    <Filter Include="runtime">
      <UniqueIdentifier>{c2a45055-6696-4564-af0b-8c2f405f6737}</UniqueIdentifier>
    </Filter>
    <Filter Include="runtime\inc">
      <UniqueIdentifier>{f6eea51f-b283-4a0c-b58b-dd6f6dc789c4}</UniqueIdentifier>
    </Filter>
    <Filter Include="runtime\src">
      <UniqueIdentifier>{3f4a2d7c-7207-4180-97e5-a42fadd767cc}</UniqueIdentifier>
    </Filter>
    <Filter Include="runtime\inc\runtime">
      <UniqueIdentifier>{6ca884e5-c026-4a69-96b3-088748b7adf3}</UniqueIdentifier>
    </Filter>
    <Filter Include="runtime\src\runtime">
      <UniqueIdentifier>{b622764f-3cf6-4af4-ba32-0815b2a6bc30}</UniqueIdentifier>
    </Filter>
  </ItemGroup>
  <ItemGroup>
    <ClInclude Include="..\inc\runtime\streams.h">
      <Filter>runtime\inc\runtime</Filter>
    </ClInclude>
    <ClInclude Include="..\inc\runtime\threads.h">
      <Filter>runtime\inc\runtime</Filter>
    </ClInclude>
    <ClInclude Include="..\inc\runtime\va_args.h">
      <Filter>runtime\inc\runtime</Filter>
    </ClInclude>
    <ClInclude Include="..\inc\runtime\vigil.h">
      <Filter>runtime\inc\runtime</Filter>
    </ClInclude>
    <ClInclude Include="..\inc\runtime\win32.h">
      <Filter>runtime\inc\runtime</Filter>
    </ClInclude>
    <ClInclude Include="..\inc\runtime\args.h">
      <Filter>runtime\inc\runtime</Filter>
    </ClInclude>
    <ClInclude Include="..\inc\runtime\atomics.h">
      <Filter>runtime\inc\runtime</Filter>
    </ClInclude>
    <ClInclude Include="..\inc\runtime\clock.h">
      <Filter>runtime\inc\runtime</Filter>
    </ClInclude>
    <ClInclude Include="..\inc\runtime\debug.h">
      <Filter>runtime\inc\runtime</Filter>
    </ClInclude>
    <ClInclude Include="..\inc\runtime\events.h">
      <Filter>runtime\inc\runtime</Filter>
    </ClInclude>
    <ClInclude Include="..\inc\runtime\files.h">
      <Filter>runtime\inc\runtime</Filter>
    </ClInclude>
    <ClInclude Include="..\inc\runtime\folders.h">
      <Filter>runtime\inc\runtime</Filter>
    </ClInclude>
    <ClInclude Include="..\inc\runtime\loader.h">
      <Filter>runtime\inc\runtime</Filter>
    </ClInclude>
    <ClInclude Include="..\inc\runtime\manifest.h">
      <Filter>runtime\inc\runtime</Filter>
    </ClInclude>
    <ClInclude Include="..\inc\runtime\mem.h">
      <Filter>runtime\inc\runtime</Filter>
    </ClInclude>
    <ClInclude Include="..\inc\runtime\mutexes.h">
      <Filter>runtime\inc\runtime</Filter>
    </ClInclude>
    <ClInclude Include="..\inc\runtime\num.h">
      <Filter>runtime\inc\runtime</Filter>
    </ClInclude>
    <ClInclude Include="..\inc\runtime\processes.h">
      <Filter>runtime\inc\runtime</Filter>
    </ClInclude>
    <ClInclude Include="..\inc\runtime\runtime.h">
      <Filter>runtime\inc\runtime</Filter>
    </ClInclude>
    <ClInclude Include="..\inc\runtime\static.h">
      <Filter>runtime\inc\runtime</Filter>
    </ClInclude>
    <ClInclude Include="..\inc\runtime\str.h">
      <Filter>runtime\inc\runtime</Filter>
    </ClInclude>
  </ItemGroup>
</Project>