<?xml version="1.0" encoding="utf-8"?>
<Project ToolsVersion="4.0" xmlns="http://schemas.microsoft.com/developer/msbuild/2003">
  <ItemGroup>
    <ClCompile Include="..\test\runtime_tests.c" />
    <ClCompile Include="..\src\mutexes.c">
      <Filter>runtime\src</Filter>
    </ClCompile>
    <ClCompile Include="..\src\num.c">
      <Filter>runtime\src</Filter>
    </ClCompile>
    <ClCompile Include="..\src\runtime.c">
      <Filter>runtime\src</Filter>
    </ClCompile>
    <ClCompile Include="..\src\static.c">
      <Filter>runtime\src</Filter>
    </ClCompile>
    <ClCompile Include="..\src\str.c">
      <Filter>runtime\src</Filter>
    </ClCompile>
    <ClCompile Include="..\src\threads.c">
      <Filter>runtime\src</Filter>
    </ClCompile>
    <ClCompile Include="..\src\vigil.c">
      <Filter>runtime\src</Filter>
    </ClCompile>
    <ClCompile Include="..\src\args.c">
      <Filter>runtime\src</Filter>
    </ClCompile>
    <ClCompile Include="..\src\atomics.c">
      <Filter>runtime\src</Filter>
    </ClCompile>
    <ClCompile Include="..\src\clock.c">
      <Filter>runtime\src</Filter>
    </ClCompile>
    <ClCompile Include="..\src\debug.c">
      <Filter>runtime\src</Filter>
    </ClCompile>
    <ClCompile Include="..\src\events.c">
      <Filter>runtime\src</Filter>
    </ClCompile>
    <ClCompile Include="..\src\loader.c">
      <Filter>runtime\src</Filter>
    </ClCompile>
    <ClCompile Include="..\src\mem.c">
      <Filter>runtime\src</Filter>
    </ClCompile>
  </ItemGroup>
  <ItemGroup>
    <ClInclude Include="..\inc\args.h">
      <Filter>runtime\inc</Filter>
    </ClInclude>
    <ClInclude Include="..\inc\manifest.h">
      <Filter>runtime\inc</Filter>
    </ClInclude>
    <ClInclude Include="..\inc\vigil.h">
      <Filter>runtime\inc</Filter>
    </ClInclude>
    <ClInclude Include="..\inc\win32.h">
      <Filter>runtime\inc</Filter>
    </ClInclude>
    <ClInclude Include="..\inc\atomics.h">
      <Filter>runtime\inc</Filter>
    </ClInclude>
    <ClInclude Include="..\inc\events.h">
      <Filter>runtime\inc</Filter>
    </ClInclude>
    <ClInclude Include="..\inc\mutexes.h">
      <Filter>runtime\inc</Filter>
    </ClInclude>
    <ClInclude Include="..\inc\threads.h">
      <Filter>runtime\inc</Filter>
    </ClInclude>
    <ClInclude Include="..\inc\static.h">
      <Filter>runtime\inc</Filter>
    </ClInclude>
    <ClInclude Include="..\inc\va_args.h">
      <Filter>runtime\inc</Filter>
    </ClInclude>
    <ClInclude Include="..\inc\debug.h">
      <Filter>runtime\inc</Filter>
    </ClInclude>
    <ClInclude Include="..\inc\str.h">
      <Filter>runtime\inc</Filter>
    </ClInclude>
    <ClInclude Include="..\inc\clock.h">
      <Filter>runtime\inc</Filter>
    </ClInclude>
    <ClInclude Include="..\inc\mem.h">
      <Filter>runtime\inc</Filter>
    </ClInclude>
    <ClInclude Include="..\inc\num.h">
      <Filter>runtime\inc</Filter>
    </ClInclude>
    <ClInclude Include="..\inc\loader.h">
      <Filter>runtime\inc</Filter>
    </ClInclude>
    <ClInclude Include="..\inc\runtime.h">
      <Filter>runtime\inc</Filter>
    </ClInclude>
  </ItemGroup>
  <ItemGroup>
    <Filter Include="runtime">
      <UniqueIdentifier>{c2a45055-6696-4564-af0b-8c2f405f6737}</UniqueIdentifier>
    </Filter>
    <Filter Include="runtime\inc">
      <UniqueIdentifier>{f6eea51f-b283-4a0c-b58b-dd6f6dc789c4}</UniqueIdentifier>
    </Filter>
    <Filter Include="runtime\src">
      <UniqueIdentifier>{3f4a2d7c-7207-4180-97e5-a42fadd767cc}</UniqueIdentifier>
    </Filter>
  </ItemGroup>
</Project>