<?xml version="1.0" encoding="utf-8"?>
<Project ToolsVersion="4.0" xmlns="http://schemas.microsoft.com/developer/msbuild/2003">
  <ItemGroup>
    <ClInclude Include="..\inc\ui\ui.h">
      <Filter>inc\ui</Filter>
    </ClInclude>
    <ClInclude Include="..\inc\ui\ui_view.h">
      <Filter>inc\ui</Filter>
    </ClInclude>
    <ClInclude Include="..\inc\ui\ui_app.h">
      <Filter>inc\ui</Filter>
    </ClInclude>
    <ClInclude Include="..\inc\ui\ui_gdi.h">
      <Filter>inc\ui</Filter>
    </ClInclude>
    <ClInclude Include="..\inc\ui\ui_colors.h">
      <Filter>inc\ui</Filter>
    </ClInclude>
    <ClInclude Include="..\inc\ui\ui_layout.h">
      <Filter>inc\ui</Filter>
    </ClInclude>
    <ClInclude Include="..\inc\ui\ui_toggle.h">
      <Filter>inc\ui</Filter>
    </ClInclude>
    <ClInclude Include="..\inc\ui\ui_label.h">
      <Filter>inc\ui</Filter>
    </ClInclude>
    <ClInclude Include="..\inc\ui\ui_slider.h">
      <Filter>inc\ui</Filter>
    </ClInclude>
    <ClInclude Include="..\inc\ui\ui_button.h">
      <Filter>inc\ui</Filter>
    </ClInclude>
    <ClInclude Include="..\inc\ui\ui_mbx.h">
      <Filter>inc\ui</Filter>
    </ClInclude>
    <ClInclude Include="..\inc\ui\ui_core.h">
      <Filter>inc\ui</Filter>
    </ClInclude>
    <ClInclude Include="..\src\samples\i18n.h" />
    <ClInclude Include="..\inc\ut\ut_debug.h">
      <Filter>inc\ut</Filter>
    </ClInclude>
    <ClInclude Include="..\inc\ut\ut_heap.h">
      <Filter>inc\ut</Filter>
    </ClInclude>
    <ClInclude Include="..\inc\ut\ut_vigil.h">
      <Filter>inc\ut</Filter>
    </ClInclude>
    <ClInclude Include="..\inc\ut\ut_args.h">
      <Filter>inc\ut</Filter>
    </ClInclude>
    <ClInclude Include="..\inc\ut\ut_atomics.h">
      <Filter>inc\ut</Filter>
    </ClInclude>
    <ClInclude Include="..\inc\ut\ut_clock.h">
      <Filter>inc\ut</Filter>
    </ClInclude>
    <ClInclude Include="..\inc\ut\ut_config.h">
      <Filter>inc\ut</Filter>
    </ClInclude>
    <ClInclude Include="..\inc\ut\ut_files.h">
      <Filter>inc\ut</Filter>
    </ClInclude>
    <ClInclude Include="..\inc\ut\ut_loader.h">
      <Filter>inc\ut</Filter>
    </ClInclude>
    <ClInclude Include="..\inc\ut\ut_mem.h">
      <Filter>inc\ut</Filter>
    </ClInclude>
    <ClInclude Include="..\inc\ut\ut_num.h">
      <Filter>inc\ut</Filter>
    </ClInclude>
    <ClInclude Include="..\inc\ut\ut_processes.h">
      <Filter>inc\ut</Filter>
    </ClInclude>
    <ClInclude Include="..\inc\ut\ut_runtime.h">
      <Filter>inc\ut</Filter>
    </ClInclude>
    <ClInclude Include="..\inc\ut\ut_static.h">
      <Filter>inc\ut</Filter>
    </ClInclude>
    <ClInclude Include="..\inc\ut\ut_std.h">
      <Filter>inc\ut</Filter>
    </ClInclude>
    <ClInclude Include="..\inc\ut\ut_str.h">
      <Filter>inc\ut</Filter>
    </ClInclude>
    <ClInclude Include="..\inc\ut\ut_streams.h">
      <Filter>inc\ut</Filter>
    </ClInclude>
    <ClInclude Include="..\inc\ut\ut_threads.h">
      <Filter>inc\ut</Filter>
    </ClInclude>
    <ClInclude Include="..\inc\ut\ut.h">
      <Filter>inc\ut</Filter>
    </ClInclude>
    <ClInclude Include="..\inc\ut\ut_win32.h">
      <Filter>inc\ut</Filter>
    </ClInclude>
    <ClInclude Include="..\inc\ui\ut_std.h">
      <Filter>inc\ui</Filter>
    </ClInclude>
    <ClInclude Include="..\inc\ut\ut_clipboard.h">
      <Filter>inc\ut</Filter>
    </ClInclude>
    <ClInclude Include="..\inc\ut\version.h" />
    <ClInclude Include="..\inc\ui\ui_caption.h">
      <Filter>inc\ui</Filter>
    </ClInclude>
    <ClInclude Include="..\inc\ui\ui_stacks.h">
      <Filter>inc\ui</Filter>
    </ClInclude>
    <ClInclude Include="..\inc\ui\ui_nls.h">
      <Filter>inc\ui</Filter>
    </ClInclude>
  </ItemGroup>
  <ItemGroup>
    <Filter Include="inc">
      <UniqueIdentifier>{cfad7e97-c07d-4e7c-9f5d-e050de0d392d}</UniqueIdentifier>
    </Filter>
    <Filter Include="inc\ui">
      <UniqueIdentifier>{8c1f8b04-c548-4f04-a9ab-f48af41ce29c}</UniqueIdentifier>
    </Filter>
    <Filter Include="inc\ut">
      <UniqueIdentifier>{4e1a5a4e-2a20-4edf-811f-9a0128ec521a}</UniqueIdentifier>
    </Filter>
  </ItemGroup>
  <ItemGroup>
    <Image Include="..\src\samples\sample.ico" />
  </ItemGroup>
  <ItemGroup>
    <ResourceCompile Include="..\src\samples\sample.rc" />
  </ItemGroup>
  <ItemGroup>
    <ClCompile Include="..\src\samples\sample1.c" />
  </ItemGroup>
  <ItemGroup>
    <Xml Include="manifest.xml" />
  </ItemGroup>
  <ItemGroup>
    <None Include="..\inc\ut\version.rc.in" />
  </ItemGroup>
</Project>