<?xml version="1.0" encoding="utf-8"?>
<Project ToolsVersion="4.0" xmlns="http://schemas.microsoft.com/developer/msbuild/2003">
  <ItemGroup>
    <ClInclude Include="..\samples\i18n.h">
      <Filter>res</Filter>
    </ClInclude>
    <ClInclude Include="..\samples\version.h">
      <Filter>res</Filter>
    </ClInclude>
    <ClInclude Include="..\quick.h" />
    <ClInclude Include="..\ut\single_file_lib\ut.h" />
    <ClInclude Include="..\inc\ui\ui.h">
      <Filter>inc\ui</Filter>
    </ClInclude>
    <ClInclude Include="..\inc\ui\view.h">
      <Filter>inc\ui</Filter>
    </ClInclude>
    <ClInclude Include="..\inc\ui\win32.h">
      <Filter>inc\ui</Filter>
    </ClInclude>
    <ClInclude Include="..\inc\ui\app.h">
      <Filter>inc\ui</Filter>
    </ClInclude>
    <ClInclude Include="..\inc\ui\gdi.h">
      <Filter>inc\ui</Filter>
    </ClInclude>
    <ClInclude Include="..\inc\ui\colors.h">
      <Filter>inc\ui</Filter>
    </ClInclude>
    <ClInclude Include="..\inc\ui\layout.h">
      <Filter>inc\ui</Filter>
    </ClInclude>
    <ClInclude Include="..\inc\ui\checkbox.h">
      <Filter>inc\ui</Filter>
    </ClInclude>
    <ClInclude Include="..\inc\ui\label.h">
      <Filter>inc\ui</Filter>
    </ClInclude>
    <ClInclude Include="..\inc\ui\slider.h">
      <Filter>inc\ui</Filter>
    </ClInclude>
    <ClInclude Include="..\inc\ui\button.h">
      <Filter>inc\ui</Filter>
    </ClInclude>
    <ClInclude Include="..\inc\ui\messagebox.h">
      <Filter>inc\ui</Filter>
    </ClInclude>
    <ClInclude Include="..\inc\ui\core.h">
      <Filter>inc\ui</Filter>
    </ClInclude>
  </ItemGroup>
  <ItemGroup>
    <Filter Include="res">
      <UniqueIdentifier>{c60b96ea-15fe-4796-86c9-3b9428dc82c7}</UniqueIdentifier>
    </Filter>
    <Filter Include="inc">
      <UniqueIdentifier>{cfad7e97-c07d-4e7c-9f5d-e050de0d392d}</UniqueIdentifier>
    </Filter>
    <Filter Include="inc\ui">
      <UniqueIdentifier>{8c1f8b04-c548-4f04-a9ab-f48af41ce29c}</UniqueIdentifier>
    </Filter>
    <Filter Include="src">
      <UniqueIdentifier>{7270cfc9-e29d-4b58-8ef8-9cb77d2858aa}</UniqueIdentifier>
    </Filter>
    <Filter Include="src\ui">
      <UniqueIdentifier>{b024e767-c6e0-4351-bf06-8240d113012c}</UniqueIdentifier>
    </Filter>
  </ItemGroup>
  <ItemGroup>
    <Image Include="..\samples\sample.ico">
      <Filter>res</Filter>
    </Image>
  </ItemGroup>
  <ItemGroup>
    <ResourceCompile Include="..\samples\sample.rc">
      <Filter>res</Filter>
    </ResourceCompile>
    <ResourceCompile Include="..\samples\version.rc">
      <Filter>res</Filter>
    </ResourceCompile>
  </ItemGroup>
  <ItemGroup>
    <ClCompile Include="..\samples\sample1.c" />
    <ClCompile Include="..\samples\quick.c" />
    <ClCompile Include="..\samples\ut.c" />
    <ClCompile Include="..\src\ui\ui.c">
      <Filter>src\ui</Filter>
    </ClCompile>
    <ClCompile Include="..\src\ui\slider.c">
      <Filter>src\ui</Filter>
    </ClCompile>
    <ClCompile Include="..\src\ui\view.c">
      <Filter>src\ui</Filter>
    </ClCompile>
    <ClCompile Include="..\src\ui\app.c">
      <Filter>src\ui</Filter>
    </ClCompile>
    <ClCompile Include="..\src\ui\button.c">
      <Filter>src\ui</Filter>
    </ClCompile>
    <ClCompile Include="..\src\ui\checkbox.c">
      <Filter>src\ui</Filter>
    </ClCompile>
    <ClCompile Include="..\src\ui\colors.c">
      <Filter>src\ui</Filter>
    </ClCompile>
    <ClCompile Include="..\src\ui\gdi.c">
      <Filter>src\ui</Filter>
    </ClCompile>
    <ClCompile Include="..\src\ui\label.c">
      <Filter>src\ui</Filter>
    </ClCompile>
    <ClCompile Include="..\src\ui\messagebox.c">
      <Filter>src\ui</Filter>
    </ClCompile>
    <ClCompile Include="..\src\ui\layout.c">
      <Filter>src\ui</Filter>
    </ClCompile>
    <ClCompile Include="..\src\ui\core.c">
      <Filter>src\ui</Filter>
    </ClCompile>
  </ItemGroup>
</Project>