<?xml version="1.0" encoding="utf-8"?>
<Project ToolsVersion="4.0" xmlns="http://schemas.microsoft.com/developer/msbuild/2003">
  <ItemGroup>
    <ClInclude Include="..\src\samples\i18n.h">
      <Filter>res</Filter>
    </ClInclude>
    <ClInclude Include="..\src\samples\version.h">
      <Filter>res</Filter>
    </ClInclude>
    <ClInclude Include="..\single_file_lib\rt\rt.h">
      <Filter>single_file_lib\rt</Filter>
    </ClInclude>
    <ClInclude Include="..\single_file_lib\ui\ui.h">
      <Filter>single_file_lib\ui</Filter>
    </ClInclude>
  </ItemGroup>
  <ItemGroup>
    <Filter Include="res">
      <UniqueIdentifier>{c60b96ea-15fe-4796-86c9-3b9428dc82c7}</UniqueIdentifier>
    </Filter>
    <Filter Include="single_file_lib">
      <UniqueIdentifier>{611fddac-73f7-4eca-bb48-4cdd4434cd95}</UniqueIdentifier>
    </Filter>
    <Filter Include="single_file_lib\rt">
      <UniqueIdentifier>{8afe0792-28fa-4e94-8862-1af8b9675554}</UniqueIdentifier>
    </Filter>
    <Filter Include="single_file_lib\ui">
      <UniqueIdentifier>{0ea3b32f-55db-4ed9-82d8-a178df0955c9}</UniqueIdentifier>
    </Filter>
  </ItemGroup>
  <ItemGroup>
    <Image Include="..\src\samples\sample.ico">
      <Filter>res</Filter>
    </Image>
  </ItemGroup>
  <ItemGroup>
    <ResourceCompile Include="..\src\samples\sample.rc">
      <Filter>res</Filter>
    </ResourceCompile>
  </ItemGroup>
  <ItemGroup>
    <ClCompile Include="..\src\samples\sample5.c" />
    <ClCompile Include="..\src\samples\ui.c" />
    <ClCompile Include="..\src\samples\edit.test.c" />
    <ClCompile Include="..\src\samples\rt.c" />
  </ItemGroup>
</Project>