<?xml version="1.0" encoding="utf-8"?>
<Project ToolsVersion="4.0" xmlns="http://schemas.microsoft.com/developer/msbuild/2003">
  <ItemGroup>
    <ClInclude Include="..\src\samples\i18n.h">
      <Filter>res</Filter>
    </ClInclude>
    <ClInclude Include="..\src\samples\version.h">
      <Filter>res</Filter>
    </ClInclude>
    <ClInclude Include="..\single_file_lib\ut\ut.h">
      <Filter>single_file_lib\ut</Filter>
    </ClInclude>
    <ClInclude Include="..\single_file_lib\ui\ui.h">
      <Filter>single_file_lib\ui</Filter>
    </ClInclude>
  </ItemGroup>
  <ItemGroup>
    <Filter Include="res">
      <UniqueIdentifier>{c60b96ea-15fe-4796-86c9-3b9428dc82c7}</UniqueIdentifier>
    </Filter>
    <Filter Include="single_file_lib">
      <UniqueIdentifier>{0891e55a-05d8-46ba-b881-db39fe379194}</UniqueIdentifier>
    </Filter>
    <Filter Include="single_file_lib\ut">
      <UniqueIdentifier>{5b6cb884-4d07-44cd-b604-88b712143ff8}</UniqueIdentifier>
    </Filter>
    <Filter Include="single_file_lib\ui">
      <UniqueIdentifier>{78dd48ce-ee1d-4d53-a958-b06af38243cc}</UniqueIdentifier>
    </Filter>
  </ItemGroup>
  <ItemGroup>
    <Image Include="..\src\samples\sample.ico">
      <Filter>res</Filter>
    </Image>
  </ItemGroup>
  <ItemGroup>
    <ResourceCompile Include="..\src\samples\sample.rc">
      <Filter>res</Filter>
    </ResourceCompile>
  </ItemGroup>
  <ItemGroup>
    <ClCompile Include="..\src\samples\sample7.c" />
    <ClCompile Include="..\src\samples\ui.c" />
    <ClCompile Include="..\src\samples\ut.c" />
  </ItemGroup>
</Project>