<?xml version="1.0" encoding="utf-8"?>
<Project ToolsVersion="4.0" xmlns="http://schemas.microsoft.com/developer/msbuild/2003">
  <ItemGroup>
    <ClCompile Include="..\test\test2.c" />
  </ItemGroup>
  <ItemGroup>
    <Filter Include="inc">
      <UniqueIdentifier>{64a2f3da-b25c-48ee-a5f9-948738fd8e0b}</UniqueIdentifier>
    </Filter>
    <Filter Include="inc\ut">
      <UniqueIdentifier>{7543a396-b0d1-4627-89be-d8fb95e831be}</UniqueIdentifier>
    </Filter>
    <Filter Include="single_file_lib">
      <UniqueIdentifier>{965f87a5-7aa4-48a6-8f61-70479fd74ef6}</UniqueIdentifier>
    </Filter>
  </ItemGroup>
  <ItemGroup>
    <ClInclude Include="..\inc\ut\args.h">
      <Filter>inc\ut</Filter>
    </ClInclude>
    <ClInclude Include="..\inc\ut\atomics.h">
      <Filter>inc\ut</Filter>
    </ClInclude>
    <ClInclude Include="..\inc\ut\clock.h">
      <Filter>inc\ut</Filter>
    </ClInclude>
    <ClInclude Include="..\inc\ut\config.h">
      <Filter>inc\ut</Filter>
    </ClInclude>
    <ClInclude Include="..\inc\ut\debug.h">
      <Filter>inc\ut</Filter>
    </ClInclude>
    <ClInclude Include="..\inc\ut\events.h">
      <Filter>inc\ut</Filter>
    </ClInclude>
    <ClInclude Include="..\inc\ut\files.h">
      <Filter>inc\ut</Filter>
    </ClInclude>
    <ClInclude Include="..\inc\ut\heap.h">
      <Filter>inc\ut</Filter>
    </ClInclude>
    <ClInclude Include="..\inc\ut\loader.h">
      <Filter>inc\ut</Filter>
    </ClInclude>
    <ClInclude Include="..\inc\ut\mem.h">
      <Filter>inc\ut</Filter>
    </ClInclude>
    <ClInclude Include="..\inc\ut\mutexes.h">
      <Filter>inc\ut</Filter>
    </ClInclude>
    <ClInclude Include="..\inc\ut\num.h">
      <Filter>inc\ut</Filter>
    </ClInclude>
    <ClInclude Include="..\inc\ut\processes.h">
      <Filter>inc\ut</Filter>
    </ClInclude>
    <ClInclude Include="..\inc\ut\runtime.h">
      <Filter>inc\ut</Filter>
    </ClInclude>
    <ClInclude Include="..\inc\ut\static.h">
      <Filter>inc\ut</Filter>
    </ClInclude>
    <ClInclude Include="..\inc\ut\std.h">
      <Filter>inc\ut</Filter>
    </ClInclude>
    <ClInclude Include="..\inc\ut\str.h">
      <Filter>inc\ut</Filter>
    </ClInclude>
    <ClInclude Include="..\inc\ut\streams.h">
      <Filter>inc\ut</Filter>
    </ClInclude>
    <ClInclude Include="..\inc\ut\threads.h">
      <Filter>inc\ut</Filter>
    </ClInclude>
    <ClInclude Include="..\inc\ut\vigil.h">
      <Filter>inc\ut</Filter>
    </ClInclude>
    <ClInclude Include="..\inc\ut\win32.h">
      <Filter>inc\ut</Filter>
    </ClInclude>
    <ClInclude Include="..\single_file_lib\ut.h">
      <Filter>single_file_lib</Filter>
    </ClInclude>
  </ItemGroup>
</Project>