
Microsoft Visual Studio Solution File, Format Version 12.00
# Visual Studio Version 17
VisualStudioVersion = 17.3.32804.467
MinimumVisualStudioVersion = 10.0.40219.1
Project("{2150E333-8FDC-42A3-9474-1A3956D46DE8}") = "Solution Items", "Solution Items", "{FA83895A-1CED-4FC5-9F11-6AFA109CFC7D}"
	ProjectSection(SolutionItems) = preProject
		..\.gitignore = ..\.gitignore
		..\.github\workflows\build-on-push.yml = ..\.github\workflows\build-on-push.yml
		common.props = common.props
		..\README.md = ..\README.md
	EndProjectSection
EndProject
Project("{8BC9CEB8-8B4A-11D0-8D11-00A0C91BC942}") = "test1", "test1.vcxproj", "{3EA9BF0C-402B-4852-BD16-644255F0D1B7}"
EndProject
Project("{8BC9CEB8-8B4A-11D0-8D11-00A0C91BC942}") = "version", "version.vcxproj", "{0EA9BF0C-402B-4852-BD16-644244F0D1B8}"
EndProject
Project("{8BC9CEB8-8B4A-11D0-8D11-00A0C91BC942}") = "amalgamate", "amalgamate.vcxproj", "{1EA9BF0C-402B-4852-BD16-644244F0D1B9}"
EndProject
Project("{8BC9CEB8-8B4A-11D0-8D11-00A0C91BC942}") = "prebuild", "prebuild.vcxproj", "{9F53C795-2A93-4154-8B04-BB1829D67602}"
EndProject
Project("{8BC9CEB8-8B4A-11D0-8D11-00A0C91BC942}") = "test2", "test2.vcxproj", "{4EA9BF0C-402B-4852-BD61-644255F0D1B8}"
EndProject
Project("{8BC9CEB8-8B4A-11D0-8D11-00A0C91BC942}") = "sample1", "sample1.vcxproj", "{4A21BE1F-678C-4733-A9F0-A7BFFFCF3CC2}"
EndProject
Project("{8BC9CEB8-8B4A-11D0-8D11-00A0C91BC942}") = "ui", "ui.vcxproj", "{9B9AC256-A764-474A-AD7A-31411FE694E2}"
EndProject
Project("{8BC9CEB8-8B4A-11D0-8D11-00A0C91BC942}") = "ut", "ut.vcxproj", "{8B9AC256-A764-474A-AD7A-31411FE694E1}"
EndProject
Project("{8BC9CEB8-8B4A-11D0-8D11-00A0C91BC942}") = "sample2", "sample2.vcxproj", "{0B45C2EE-3A7E-46B0-8B8D-5DB62BF75A43}"
EndProject
Project("{8BC9CEB8-8B4A-11D0-8D11-00A0C91BC942}") = "sample3", "sample3.vcxproj", "{0B45C2EE-3A7E-46B0-3B3D-5DB62BF75A43}"
EndProject
Project("{8BC9CEB8-8B4A-11D0-8D11-00A0C91BC942}") = "sample4", "sample4.vcxproj", "{4A12BE1F-678C-4733-A9F0-A7BFFFCF3CC4}"
EndProject
Project("{8BC9CEB8-8B4A-11D0-8D11-00A0C91BC942}") = "sample5", "sample5.vcxproj", "{4A21BE1F-678C-4733-A9F1-A8BFFFCF3CC2}"
EndProject
Project("{8BC9CEB8-8B4A-11D0-8D11-00A0C91BC942}") = "sample6", "sample6.vcxproj", "{8930DB4B-FF85-4434-A9FD-4251F6B0749C}"
EndProject
Project("{8BC9CEB8-8B4A-11D0-8D11-00A0C91BC942}") = "sample9", "sample9.vcxproj", "{1B99C2EE-3A7E-46B0-3B3D-5DB99BF75A34}"
EndProject
Project("{8BC9CEB8-8B4A-11D0-8D11-00A0C91BC942}") = "sample7", "sample7.vcxproj", "{1C3416BF-18B1-5CB1-8D33-A3DACA40AB5D}"
EndProject
Project("{8BC9CEB8-8B4A-11D0-8D11-00A0C91BC942}") = "sample8", "sample8.vcxproj", "{7A21BE1F-678C-4733-A9F0-A7BEEECF3CCE}"
EndProject
Global
	GlobalSection(SolutionConfigurationPlatforms) = preSolution
		debug|x64 = debug|x64
		debug|x86 = debug|x86
		release|x64 = release|x64
		release|x86 = release|x86
	EndGlobalSection
	GlobalSection(ProjectConfigurationPlatforms) = postSolution
		{3EA9BF0C-402B-4852-BD16-644255F0D1B7}.debug|x64.ActiveCfg = debug|x64
		{3EA9BF0C-402B-4852-BD16-644255F0D1B7}.debug|x64.Build.0 = debug|x64
		{3EA9BF0C-402B-4852-BD16-644255F0D1B7}.debug|x86.ActiveCfg = debug|x64
		{3EA9BF0C-402B-4852-BD16-644255F0D1B7}.debug|x86.Build.0 = debug|x64
		{3EA9BF0C-402B-4852-BD16-644255F0D1B7}.release|x64.ActiveCfg = release|x64
		{3EA9BF0C-402B-4852-BD16-644255F0D1B7}.release|x64.Build.0 = release|x64
		{3EA9BF0C-402B-4852-BD16-644255F0D1B7}.release|x86.ActiveCfg = release|x64
		{3EA9BF0C-402B-4852-BD16-644255F0D1B7}.release|x86.Build.0 = release|x64
		{0EA9BF0C-402B-4852-BD16-644244F0D1B8}.debug|x64.ActiveCfg = debug|x64
		{0EA9BF0C-402B-4852-BD16-644244F0D1B8}.debug|x64.Build.0 = debug|x64
		{0EA9BF0C-402B-4852-BD16-644244F0D1B8}.debug|x86.ActiveCfg = debug|x64
		{0EA9BF0C-402B-4852-BD16-644244F0D1B8}.debug|x86.Build.0 = debug|x64
		{0EA9BF0C-402B-4852-BD16-644244F0D1B8}.release|x64.ActiveCfg = release|x64
		{0EA9BF0C-402B-4852-BD16-644244F0D1B8}.release|x64.Build.0 = release|x64
		{0EA9BF0C-402B-4852-BD16-644244F0D1B8}.release|x86.ActiveCfg = release|x64
		{0EA9BF0C-402B-4852-BD16-644244F0D1B8}.release|x86.Build.0 = release|x64
		{1EA9BF0C-402B-4852-BD16-644244F0D1B9}.debug|x64.ActiveCfg = debug|x64
		{1EA9BF0C-402B-4852-BD16-644244F0D1B9}.debug|x64.Build.0 = debug|x64
		{1EA9BF0C-402B-4852-BD16-644244F0D1B9}.debug|x86.ActiveCfg = debug|x64
		{1EA9BF0C-402B-4852-BD16-644244F0D1B9}.debug|x86.Build.0 = debug|x64
		{1EA9BF0C-402B-4852-BD16-644244F0D1B9}.release|x64.ActiveCfg = release|x64
		{1EA9BF0C-402B-4852-BD16-644244F0D1B9}.release|x64.Build.0 = release|x64
		{1EA9BF0C-402B-4852-BD16-644244F0D1B9}.release|x86.ActiveCfg = release|x64
		{1EA9BF0C-402B-4852-BD16-644244F0D1B9}.release|x86.Build.0 = release|x64
		{9F53C795-2A93-4154-8B04-BB1829D67602}.debug|x64.ActiveCfg = debug|x64
		{9F53C795-2A93-4154-8B04-BB1829D67602}.debug|x64.Build.0 = debug|x64
		{9F53C795-2A93-4154-8B04-BB1829D67602}.debug|x86.ActiveCfg = debug|x64
		{9F53C795-2A93-4154-8B04-BB1829D67602}.debug|x86.Build.0 = debug|x64
		{9F53C795-2A93-4154-8B04-BB1829D67602}.release|x64.ActiveCfg = release|x64
		{9F53C795-2A93-4154-8B04-BB1829D67602}.release|x64.Build.0 = release|x64
		{9F53C795-2A93-4154-8B04-BB1829D67602}.release|x86.ActiveCfg = release|x64
		{9F53C795-2A93-4154-8B04-BB1829D67602}.release|x86.Build.0 = release|x64
		{4EA9BF0C-402B-4852-BD61-644255F0D1B8}.debug|x64.ActiveCfg = debug|x64
		{4EA9BF0C-402B-4852-BD61-644255F0D1B8}.debug|x64.Build.0 = debug|x64
		{4EA9BF0C-402B-4852-BD61-644255F0D1B8}.debug|x86.ActiveCfg = debug|x64
		{4EA9BF0C-402B-4852-BD61-644255F0D1B8}.debug|x86.Build.0 = debug|x64
		{4EA9BF0C-402B-4852-BD61-644255F0D1B8}.release|x64.ActiveCfg = release|x64
		{4EA9BF0C-402B-4852-BD61-644255F0D1B8}.release|x64.Build.0 = release|x64
		{4EA9BF0C-402B-4852-BD61-644255F0D1B8}.release|x86.ActiveCfg = release|x64
		{4EA9BF0C-402B-4852-BD61-644255F0D1B8}.release|x86.Build.0 = release|x64
		{4A21BE1F-678C-4733-A9F0-A7BFFFCF3CC2}.debug|x64.ActiveCfg = Debug|x64
		{4A21BE1F-678C-4733-A9F0-A7BFFFCF3CC2}.debug|x64.Build.0 = Debug|x64
		{4A21BE1F-678C-4733-A9F0-A7BFFFCF3CC2}.debug|x86.ActiveCfg = Debug|x64
		{4A21BE1F-678C-4733-A9F0-A7BFFFCF3CC2}.debug|x86.Build.0 = Debug|x64
		{4A21BE1F-678C-4733-A9F0-A7BFFFCF3CC2}.release|x64.ActiveCfg = Release|x64
		{4A21BE1F-678C-4733-A9F0-A7BFFFCF3CC2}.release|x64.Build.0 = Release|x64
		{4A21BE1F-678C-4733-A9F0-A7BFFFCF3CC2}.release|x86.ActiveCfg = Release|x64
		{4A21BE1F-678C-4733-A9F0-A7BFFFCF3CC2}.release|x86.Build.0 = Release|x64
		{9B9AC256-A764-474A-AD7A-31411FE694E2}.debug|x64.ActiveCfg = debug|x64
		{9B9AC256-A764-474A-AD7A-31411FE694E2}.debug|x64.Build.0 = debug|x64
		{9B9AC256-A764-474A-AD7A-31411FE694E2}.debug|x86.ActiveCfg = debug|x64
		{9B9AC256-A764-474A-AD7A-31411FE694E2}.debug|x86.Build.0 = debug|x64
		{9B9AC256-A764-474A-AD7A-31411FE694E2}.release|x64.ActiveCfg = release|x64
		{9B9AC256-A764-474A-AD7A-31411FE694E2}.release|x64.Build.0 = release|x64
		{9B9AC256-A764-474A-AD7A-31411FE694E2}.release|x86.ActiveCfg = release|x64
		{9B9AC256-A764-474A-AD7A-31411FE694E2}.release|x86.Build.0 = release|x64
		{8B9AC256-A764-474A-AD7A-31411FE694E1}.debug|x64.ActiveCfg = debug|x64
		{8B9AC256-A764-474A-AD7A-31411FE694E1}.debug|x64.Build.0 = debug|x64
		{8B9AC256-A764-474A-AD7A-31411FE694E1}.debug|x86.ActiveCfg = debug|x64
		{8B9AC256-A764-474A-AD7A-31411FE694E1}.debug|x86.Build.0 = debug|x64
		{8B9AC256-A764-474A-AD7A-31411FE694E1}.release|x64.ActiveCfg = release|x64
		{8B9AC256-A764-474A-AD7A-31411FE694E1}.release|x64.Build.0 = release|x64
		{8B9AC256-A764-474A-AD7A-31411FE694E1}.release|x86.ActiveCfg = release|x64
		{8B9AC256-A764-474A-AD7A-31411FE694E1}.release|x86.Build.0 = release|x64
		{0B45C2EE-3A7E-46B0-8B8D-5DB62BF75A43}.debug|x64.ActiveCfg = debug|x64
		{0B45C2EE-3A7E-46B0-8B8D-5DB62BF75A43}.debug|x64.Build.0 = debug|x64
		{0B45C2EE-3A7E-46B0-8B8D-5DB62BF75A43}.debug|x86.ActiveCfg = debug|x64
		{0B45C2EE-3A7E-46B0-8B8D-5DB62BF75A43}.debug|x86.Build.0 = debug|x64
		{0B45C2EE-3A7E-46B0-8B8D-5DB62BF75A43}.release|x64.ActiveCfg = release|x64
		{0B45C2EE-3A7E-46B0-8B8D-5DB62BF75A43}.release|x64.Build.0 = release|x64
		{0B45C2EE-3A7E-46B0-8B8D-5DB62BF75A43}.release|x86.ActiveCfg = release|x64
		{0B45C2EE-3A7E-46B0-8B8D-5DB62BF75A43}.release|x86.Build.0 = release|x64
		{0B45C2EE-3A7E-46B0-3B3D-5DB62BF75A43}.debug|x64.ActiveCfg = debug|x64
		{0B45C2EE-3A7E-46B0-3B3D-5DB62BF75A43}.debug|x64.Build.0 = debug|x64
		{0B45C2EE-3A7E-46B0-3B3D-5DB62BF75A43}.debug|x86.ActiveCfg = debug|x64
		{0B45C2EE-3A7E-46B0-3B3D-5DB62BF75A43}.debug|x86.Build.0 = debug|x64
		{0B45C2EE-3A7E-46B0-3B3D-5DB62BF75A43}.release|x64.ActiveCfg = release|x64
		{0B45C2EE-3A7E-46B0-3B3D-5DB62BF75A43}.release|x64.Build.0 = release|x64
		{0B45C2EE-3A7E-46B0-3B3D-5DB62BF75A43}.release|x86.ActiveCfg = release|x64
		{0B45C2EE-3A7E-46B0-3B3D-5DB62BF75A43}.release|x86.Build.0 = release|x64
		{4A12BE1F-678C-4733-A9F0-A7BFFFCF3CC4}.debug|x64.ActiveCfg = debug|x64
		{4A12BE1F-678C-4733-A9F0-A7BFFFCF3CC4}.debug|x64.Build.0 = debug|x64
		{4A12BE1F-678C-4733-A9F0-A7BFFFCF3CC4}.debug|x86.ActiveCfg = debug|x64
		{4A12BE1F-678C-4733-A9F0-A7BFFFCF3CC4}.debug|x86.Build.0 = debug|x64
		{4A12BE1F-678C-4733-A9F0-A7BFFFCF3CC4}.release|x64.ActiveCfg = release|x64
		{4A12BE1F-678C-4733-A9F0-A7BFFFCF3CC4}.release|x64.Build.0 = release|x64
		{4A12BE1F-678C-4733-A9F0-A7BFFFCF3CC4}.release|x86.ActiveCfg = release|x64
		{4A12BE1F-678C-4733-A9F0-A7BFFFCF3CC4}.release|x86.Build.0 = release|x64
		{4A21BE1F-678C-4733-A9F1-A8BFFFCF3CC2}.debug|x64.ActiveCfg = debug|x64
		{4A21BE1F-678C-4733-A9F1-A8BFFFCF3CC2}.debug|x64.Build.0 = debug|x64
		{4A21BE1F-678C-4733-A9F1-A8BFFFCF3CC2}.debug|x86.ActiveCfg = debug|x64
		{4A21BE1F-678C-4733-A9F1-A8BFFFCF3CC2}.debug|x86.Build.0 = debug|x64
		{4A21BE1F-678C-4733-A9F1-A8BFFFCF3CC2}.release|x64.ActiveCfg = release|x64
		{4A21BE1F-678C-4733-A9F1-A8BFFFCF3CC2}.release|x64.Build.0 = release|x64
		{4A21BE1F-678C-4733-A9F1-A8BFFFCF3CC2}.release|x86.ActiveCfg = release|x64
		{4A21BE1F-678C-4733-A9F1-A8BFFFCF3CC2}.release|x86.Build.0 = release|x64
		{8930DB4B-FF85-4434-A9FD-4251F6B0749C}.debug|x64.ActiveCfg = debug|x64
		{8930DB4B-FF85-4434-A9FD-4251F6B0749C}.debug|x64.Build.0 = debug|x64
		{8930DB4B-FF85-4434-A9FD-4251F6B0749C}.debug|x86.ActiveCfg = debug|x64
		{8930DB4B-FF85-4434-A9FD-4251F6B0749C}.debug|x86.Build.0 = debug|x64
		{8930DB4B-FF85-4434-A9FD-4251F6B0749C}.release|x64.ActiveCfg = release|x64
		{8930DB4B-FF85-4434-A9FD-4251F6B0749C}.release|x64.Build.0 = release|x64
		{8930DB4B-FF85-4434-A9FD-4251F6B0749C}.release|x86.ActiveCfg = release|x64
		{8930DB4B-FF85-4434-A9FD-4251F6B0749C}.release|x86.Build.0 = release|x64
		{1B99C2EE-3A7E-46B0-3B3D-5DB99BF75A34}.debug|x64.ActiveCfg = debug|x64
		{1B99C2EE-3A7E-46B0-3B3D-5DB99BF75A34}.debug|x64.Build.0 = debug|x64
		{1B99C2EE-3A7E-46B0-3B3D-5DB99BF75A34}.debug|x86.ActiveCfg = debug|x64
		{1B99C2EE-3A7E-46B0-3B3D-5DB99BF75A34}.debug|x86.Build.0 = debug|x64
		{1B99C2EE-3A7E-46B0-3B3D-5DB99BF75A34}.release|x64.ActiveCfg = release|x64
		{1B99C2EE-3A7E-46B0-3B3D-5DB99BF75A34}.release|x64.Build.0 = release|x64
		{1B99C2EE-3A7E-46B0-3B3D-5DB99BF75A34}.release|x86.ActiveCfg = release|x64
		{1B99C2EE-3A7E-46B0-3B3D-5DB99BF75A34}.release|x86.Build.0 = release|x64
		{1C3416BF-18B1-5CB1-8D33-A3DACA40AB5D}.debug|x64.ActiveCfg = debug|x64
		{1C3416BF-18B1-5CB1-8D33-A3DACA40AB5D}.debug|x64.Build.0 = debug|x64
		{1C3416BF-18B1-5CB1-8D33-A3DACA40AB5D}.debug|x86.ActiveCfg = debug|x64
		{1C3416BF-18B1-5CB1-8D33-A3DACA40AB5D}.debug|x86.Build.0 = debug|x64
		{1C3416BF-18B1-5CB1-8D33-A3DACA40AB5D}.release|x64.ActiveCfg = release|x64
		{1C3416BF-18B1-5CB1-8D33-A3DACA40AB5D}.release|x64.Build.0 = release|x64
		{1C3416BF-18B1-5CB1-8D33-A3DACA40AB5D}.release|x86.ActiveCfg = release|x64
		{1C3416BF-18B1-5CB1-8D33-A3DACA40AB5D}.release|x86.Build.0 = release|x64
		{7A21BE1F-678C-4733-A9F0-A7BEEECF3CCE}.debug|x64.ActiveCfg = Debug|x64
		{7A21BE1F-678C-4733-A9F0-A7BEEECF3CCE}.debug|x64.Build.0 = Debug|x64
		{7A21BE1F-678C-4733-A9F0-A7BEEECF3CCE}.debug|x86.ActiveCfg = Debug|x64
		{7A21BE1F-678C-4733-A9F0-A7BEEECF3CCE}.debug|x86.Build.0 = Debug|x64
		{7A21BE1F-678C-4733-A9F0-A7BEEECF3CCE}.release|x64.ActiveCfg = Release|x64
		{7A21BE1F-678C-4733-A9F0-A7BEEECF3CCE}.release|x64.Build.0 = Release|x64
		{7A21BE1F-678C-4733-A9F0-A7BEEECF3CCE}.release|x86.ActiveCfg = Release|x64
		{7A21BE1F-678C-4733-A9F0-A7BEEECF3CCE}.release|x86.Build.0 = Release|x64
	EndGlobalSection
	GlobalSection(SolutionProperties) = preSolution
		HideSolutionNode = FALSE
	EndGlobalSection
	GlobalSection(ExtensibilityGlobals) = postSolution
		SolutionGuid = {4903FF9C-ADBE-4753-BB20-C4EEE5D83493}
	EndGlobalSection
EndGlobal
