<?xml version="1.0" encoding="utf-8"?>
<Project ToolsVersion="4.0" xmlns="http://schemas.microsoft.com/developer/msbuild/2003">
  <ItemGroup>
    <Filter Include="inc">
      <UniqueIdentifier>{4c769adc-9483-4a7d-86f9-288a6f0c0b9e}</UniqueIdentifier>
    </Filter>
    <Filter Include="inc\ui">
      <UniqueIdentifier>{24026435-1a60-4f78-a1fd-e3c4f12e5885}</UniqueIdentifier>
    </Filter>
    <Filter Include="src">
      <UniqueIdentifier>{a4450c50-a72b-444f-be12-c4ebf4fe5b4a}</UniqueIdentifier>
    </Filter>
    <Filter Include="src\ui">
      <UniqueIdentifier>{72fd0a31-5562-44eb-b991-4130091643f4}</UniqueIdentifier>
    </Filter>
  </ItemGroup>
  <ItemGroup>
    <ClInclude Include="..\inc\ui\ui_app.h">
      <Filter>inc\ui</Filter>
    </ClInclude>
    <ClInclude Include="..\inc\ui\ui_button.h">
      <Filter>inc\ui</Filter>
    </ClInclude>
    <ClInclude Include="..\inc\ui\ui_toggle.h">
      <Filter>inc\ui</Filter>
    </ClInclude>
    <ClInclude Include="..\inc\ui\ui_colors.h">
      <Filter>inc\ui</Filter>
    </ClInclude>
    <ClInclude Include="..\inc\ui\ui_core.h">
      <Filter>inc\ui</Filter>
    </ClInclude>
    <ClInclude Include="..\inc\ui\ui_gdi.h">
      <Filter>inc\ui</Filter>
    </ClInclude>
    <ClInclude Include="..\inc\ui\ui_label.h">
      <Filter>inc\ui</Filter>
    </ClInclude>
    <ClInclude Include="..\inc\ui\ui_layout.h">
      <Filter>inc\ui</Filter>
    </ClInclude>
    <ClInclude Include="..\inc\ui\ui_messagebox.h">
      <Filter>inc\ui</Filter>
    </ClInclude>
    <ClInclude Include="..\inc\ui\ui_slider.h">
      <Filter>inc\ui</Filter>
    </ClInclude>
    <ClInclude Include="..\inc\ui\ut_std.h">
      <Filter>inc\ui</Filter>
    </ClInclude>
    <ClInclude Include="..\inc\ui\ui.h">
      <Filter>inc\ui</Filter>
    </ClInclude>
    <ClInclude Include="..\inc\ui\ui_view.h">
      <Filter>inc\ui</Filter>
    </ClInclude>
    <ClInclude Include="..\inc\ui\ut_win32.h">
      <Filter>inc\ui</Filter>
    </ClInclude>
    <ClInclude Include="..\inc\ui\ui_nls.h">
      <Filter>inc\ui</Filter>
    </ClInclude>
  </ItemGroup>
  <ItemGroup>
    <ClCompile Include="..\src\ui\ui_app.c">
      <Filter>src\ui</Filter>
    </ClCompile>
    <ClCompile Include="..\src\ui\ui_button.c">
      <Filter>src\ui</Filter>
    </ClCompile>
    <ClCompile Include="..\src\ui\ui_toggle.c">
      <Filter>src\ui</Filter>
    </ClCompile>
    <ClCompile Include="..\src\ui\ui_colors.c">
      <Filter>src\ui</Filter>
    </ClCompile>
    <ClCompile Include="..\src\ui\ui_core.c">
      <Filter>src\ui</Filter>
    </ClCompile>
    <ClCompile Include="..\src\ui\ui_gdi.c">
      <Filter>src\ui</Filter>
    </ClCompile>
    <ClCompile Include="..\src\ui\ui_label.c">
      <Filter>src\ui</Filter>
    </ClCompile>
    <ClCompile Include="..\src\ui\ui_layout.c">
      <Filter>src\ui</Filter>
    </ClCompile>
    <ClCompile Include="..\src\ui\ui_messagebox.c">
      <Filter>src\ui</Filter>
    </ClCompile>
    <ClCompile Include="..\src\ui\ui_slider.c">
      <Filter>src\ui</Filter>
    </ClCompile>
    <ClCompile Include="..\src\ui\ui_view.c">
      <Filter>src\ui</Filter>
    </ClCompile>
    <ClCompile Include="..\src\ui\ui_nls.c">
      <Filter>src\ui</Filter>
    </ClCompile>
  </ItemGroup>
</Project>