<?xml version="1.0" encoding="utf-8"?>
<Project ToolsVersion="4.0" xmlns="http://schemas.microsoft.com/developer/msbuild/2003">
  <ItemGroup>
    <Filter Include="inc">
      <UniqueIdentifier>{4c769adc-9483-4a7d-86f9-288a6f0c0b7e}</UniqueIdentifier>
    </Filter>
    <Filter Include="inc\ut">
      <UniqueIdentifier>{024f6238-556d-4e5c-80a5-c4e0c49f8ce2}</UniqueIdentifier>
    </Filter>
    <Filter Include="src">
      <UniqueIdentifier>{a4450c50-a72b-444f-be12-c4ebf4fe6b4a}</UniqueIdentifier>
    </Filter>
    <Filter Include="src\ut">
      <UniqueIdentifier>{c6383183-3d91-4a7b-9c26-cb1405bf1216}</UniqueIdentifier>
    </Filter>
  </ItemGroup>
  <ItemGroup>
    <ClInclude Include="..\inc\ut\ut_args.h">
      <Filter>inc\ut</Filter>
    </ClInclude>
    <ClInclude Include="..\inc\ut\ut_atomics.h">
      <Filter>inc\ut</Filter>
    </ClInclude>
    <ClInclude Include="..\inc\ut\ut_clipboard.h">
      <Filter>inc\ut</Filter>
    </ClInclude>
    <ClInclude Include="..\inc\ut\ut_clock.h">
      <Filter>inc\ut</Filter>
    </ClInclude>
    <ClInclude Include="..\inc\ut\ut_config.h">
      <Filter>inc\ut</Filter>
    </ClInclude>
    <ClInclude Include="..\inc\ut\ut_debug.h">
      <Filter>inc\ut</Filter>
    </ClInclude>
    <ClInclude Include="..\inc\ut\ut_files.h">
      <Filter>inc\ut</Filter>
    </ClInclude>
    <ClInclude Include="..\inc\ut\ut_heap.h">
      <Filter>inc\ut</Filter>
    </ClInclude>
    <ClInclude Include="..\inc\ut\ut_loader.h">
      <Filter>inc\ut</Filter>
    </ClInclude>
    <ClInclude Include="..\inc\ut\ut_mem.h">
      <Filter>inc\ut</Filter>
    </ClInclude>
    <ClInclude Include="..\inc\ut\ut_num.h">
      <Filter>inc\ut</Filter>
    </ClInclude>
    <ClInclude Include="..\inc\ut\ut_processes.h">
      <Filter>inc\ut</Filter>
    </ClInclude>
    <ClInclude Include="..\inc\ut\ut_runtime.h">
      <Filter>inc\ut</Filter>
    </ClInclude>
    <ClInclude Include="..\inc\ut\ut_static.h">
      <Filter>inc\ut</Filter>
    </ClInclude>
    <ClInclude Include="..\inc\ut\ut_std.h">
      <Filter>inc\ut</Filter>
    </ClInclude>
    <ClInclude Include="..\inc\ut\ut_streams.h">
      <Filter>inc\ut</Filter>
    </ClInclude>
    <ClInclude Include="..\inc\ut\ut_threads.h">
      <Filter>inc\ut</Filter>
    </ClInclude>
    <ClInclude Include="..\inc\ut\ut.h">
      <Filter>inc\ut</Filter>
    </ClInclude>
    <ClInclude Include="..\inc\ut\version.h">
      <Filter>inc\ut</Filter>
    </ClInclude>
    <ClInclude Include="..\inc\ut\ut_vigil.h">
      <Filter>inc\ut</Filter>
    </ClInclude>
    <ClInclude Include="..\inc\ut\ut_win32.h">
      <Filter>inc\ut</Filter>
    </ClInclude>
    <ClInclude Include="..\inc\ut\ut_generics.h">
      <Filter>inc\ut</Filter>
    </ClInclude>
    <ClInclude Include="..\inc\ut\ut_nls.h">
      <Filter>inc\ut</Filter>
    </ClInclude>
    <ClInclude Include="..\inc\ut\ut_glyphs.h">
      <Filter>inc\ut</Filter>
    </ClInclude>
    <ClInclude Include="..\inc\ut\ut_bt.h">
      <Filter>inc\ut</Filter>
    </ClInclude>
    <ClInclude Include="..\inc\ut\ut_str.h">
      <Filter>inc\ut</Filter>
    </ClInclude>
    <ClInclude Include="..\inc\ut\ut_react.h">
      <Filter>inc\ut</Filter>
    </ClInclude>
  </ItemGroup>
  <ItemGroup>
    <None Include="..\inc\ut\version.rc.in">
      <Filter>inc\ut</Filter>
    </None>
  </ItemGroup>
  <ItemGroup>
    <ClCompile Include="..\src\ut\ut_args.c">
      <Filter>src\ut</Filter>
    </ClCompile>
    <ClCompile Include="..\src\ut\ut_atomics.c">
      <Filter>src\ut</Filter>
    </ClCompile>
    <ClCompile Include="..\src\ut\ut_clipboard.c">
      <Filter>src\ut</Filter>
    </ClCompile>
    <ClCompile Include="..\src\ut\ut_clock.c">
      <Filter>src\ut</Filter>
    </ClCompile>
    <ClCompile Include="..\src\ut\ut_config.c">
      <Filter>src\ut</Filter>
    </ClCompile>
    <ClCompile Include="..\src\ut\ut_debug.c">
      <Filter>src\ut</Filter>
    </ClCompile>
    <ClCompile Include="..\src\ut\ut_files.c">
      <Filter>src\ut</Filter>
    </ClCompile>
    <ClCompile Include="..\src\ut\ut_heap.c">
      <Filter>src\ut</Filter>
    </ClCompile>
    <ClCompile Include="..\src\ut\ut_loader.c">
      <Filter>src\ut</Filter>
    </ClCompile>
    <ClCompile Include="..\src\ut\ut_mem.c">
      <Filter>src\ut</Filter>
    </ClCompile>
    <ClCompile Include="..\src\ut\ut_num.c">
      <Filter>src\ut</Filter>
    </ClCompile>
    <ClCompile Include="..\src\ut\ut_processes.c">
      <Filter>src\ut</Filter>
    </ClCompile>
    <ClCompile Include="..\src\ut\ut_runtime.c">
      <Filter>src\ut</Filter>
    </ClCompile>
    <ClCompile Include="..\src\ut\ut_static.c">
      <Filter>src\ut</Filter>
    </ClCompile>
    <ClCompile Include="..\src\ut\ut_streams.c">
      <Filter>src\ut</Filter>
    </ClCompile>
    <ClCompile Include="..\src\ut\ut_threads.c">
      <Filter>src\ut</Filter>
    </ClCompile>
    <ClCompile Include="..\src\ut\ut.c">
      <Filter>src\ut</Filter>
    </ClCompile>
    <ClCompile Include="..\src\ut\ut_vigil.c">
      <Filter>src\ut</Filter>
    </ClCompile>
    <ClCompile Include="..\src\ut\ut_generics.c">
      <Filter>src\ut</Filter>
    </ClCompile>
    <ClCompile Include="..\src\ut\ut_nls.c">
      <Filter>src\ut</Filter>
    </ClCompile>
    <ClCompile Include="..\src\ut\ut_bt.c">
      <Filter>src\ut</Filter>
    </ClCompile>
    <ClCompile Include="..\src\ut\ut_str.c">
      <Filter>src\ut</Filter>
    </ClCompile>
    <ClCompile Include="..\src\ut\ut_react.c">
      <Filter>src\ut</Filter>
    </ClCompile>
  </ItemGroup>
</Project>